{
  "version": 4,
  "terraform_version": "0.14.7",
  "serial": 4,
  "lineage": "5ad6c17e-5470-2ed7-63d7-ff49f5344ebe",
  "outputs": {},
  "resources": [
    {
      "module": "module.global",
      "mode": "managed",
      "type": "azurerm_resource_group",
      "name": "main",
      "provider": "provider[\"registry.terraform.io/hashicorp/azurerm\"]",
      "instances": [
        {
          "schema_version": 0,
          "attributes": {
            "id": "/subscriptions/d36d0808-a967-4f73-9fdc-32ea232fc81d/resourceGroups/rg-con-poc-wb-gbl",
            "location": "westus",
            "name": "rg-con-poc-wb-gbl",
            "tags": {
              "appName": "poc",
              "businessUnit": "con",
              "env": "wb",
              "location": "westus"
            },
            "timeouts": null
          },
          "sensitive_attributes": [],
          "private": "eyJlMmJmYjczMC1lY2FhLTExZTYtOGY4OC0zNDM2M2JjN2M0YzAiOnsiY3JlYXRlIjo1NDAwMDAwMDAwMDAwLCJkZWxldGUiOjU0MDAwMDAwMDAwMDAsInJlYWQiOjMwMDAwMDAwMDAwMCwidXBkYXRlIjo1NDAwMDAwMDAwMDAwfX0="
        }
      ]
    },
    {
      "module": "module.regions[\"eastus\"]",
      "mode": "managed",
      "type": "azurerm_resource_group",
      "name": "main",
      "provider": "provider[\"registry.terraform.io/hashicorp/azurerm\"]",
      "instances": [
        {
          "schema_version": 0,
          "attributes": {
            "id": "/subscriptions/d36d0808-a967-4f73-9fdc-32ea232fc81d/resourceGroups/rg-con-poc-wb-eastus",
            "location": "eastus",
            "name": "rg-con-poc-wb-eastus",
            "tags": {
              "appName": "poc",
              "businessUnit": "con",
              "env": "wb",
              "location": "eastus"
            },
            "timeouts": null
          },
          "sensitive_attributes": [],
          "private": "eyJlMmJmYjczMC1lY2FhLTExZTYtOGY4OC0zNDM2M2JjN2M0YzAiOnsiY3JlYXRlIjo1NDAwMDAwMDAwMDAwLCJkZWxldGUiOjU0MDAwMDAwMDAwMDAsInJlYWQiOjMwMDAwMDAwMDAwMCwidXBkYXRlIjo1NDAwMDAwMDAwMDAwfX0="
        }
      ]
    },
    {
      "module": "module.regions[\"westus\"]",
      "mode": "managed",
      "type": "azurerm_resource_group",
      "name": "main",
      "provider": "provider[\"registry.terraform.io/hashicorp/azurerm\"]",
      "instances": [
        {
          "schema_version": 0,
          "attributes": {
            "id": "/subscriptions/d36d0808-a967-4f73-9fdc-32ea232fc81d/resourceGroups/rg-con-poc-wb-westus",
            "location": "westus",
            "name": "rg-con-poc-wb-westus",
            "tags": {
              "appName": "poc",
              "businessUnit": "con",
              "env": "wb",
              "location": "westus"
            },
            "timeouts": null
          },
          "sensitive_attributes": [],
          "private": "eyJlMmJmYjczMC1lY2FhLTExZTYtOGY4OC0zNDM2M2JjN2M0YzAiOnsiY3JlYXRlIjo1NDAwMDAwMDAwMDAwLCJkZWxldGUiOjU0MDAwMDAwMDAwMDAsInJlYWQiOjMwMDAwMDAwMDAwMCwidXBkYXRlIjo1NDAwMDAwMDAwMDAwfX0="
        }
      ]
    }
  ]
}
